
Microsoft Visual Studio Solution File, Format Version 12.00
# Visual Studio Version 17
VisualStudioVersion = 17.13.35931.197 d17.13
MinimumVisualStudioVersion = 10.0.40219.1
Project("{FAE04EC0-301F-11D3-BF4B-00C04F79EFBC}") = "sgbg-trab-2", "sgbg-trab-2\sgbg-trab-2.csproj", "{BFA2D6FC-4DEE-4837-84A6-8CAE7EADE699}"
EndProject
Global
	GlobalSection(SolutionConfigurationPlatforms) = preSolution
		Debug|Any CPU = Debug|Any CPU
		Release|Any CPU = Release|Any CPU
	EndGlobalSection
	GlobalSection(ProjectConfigurationPlatforms) = postSolution
		{BFA2D6FC-4DEE-4837-84A6-8CAE7EADE699}.Debug|Any CPU.ActiveCfg = Debug|Any CPU
		{BFA2D6FC-4DEE-4837-84A6-8CAE7EADE699}.Debug|Any CPU.Build.0 = Debug|Any CPU
		{BFA2D6FC-4DEE-4837-84A6-8CAE7EADE699}.Release|Any CPU.ActiveCfg = Release|Any CPU
		{BFA2D6FC-4DEE-4837-84A6-8CAE7EADE699}.Release|Any CPU.Build.0 = Release|Any CPU
	EndGlobalSection
	GlobalSection(SolutionProperties) = preSolution
		HideSolutionNode = FALSE
	EndGlobalSection
	GlobalSection(ExtensibilityGlobals) = postSolution
		SolutionGuid = {4778A082-8682-43B7-8519-6B8B78635292}
	EndGlobalSection
EndGlobal
